// !$*UTF8*$!
{
	archiveVersion = 1;
	classes = {
	};
	objectVersion = 46;
	objects = {

/* Begin PBXBuildFile section */
		B82C70167EC389999A81B5A0 /* libPods-mensajes.a in Frameworks */ = {isa = PBXBuildFile; fileRef = 512420F13B50F58EA4D8C5F9 /* libPods-mensajes.a */; };
		FA0FD7271ACBB22500A2E82F /* main.m in Sources */ = {isa = PBXBuildFile; fileRef = FA0FD7261ACBB22500A2E82F /* main.m */; };
		FA0FD72A1ACBB22500A2E82F /* AppDelegate.m in Sources */ = {isa = PBXBuildFile; fileRef = FA0FD7291ACBB22500A2E82F /* AppDelegate.m */; };
		FA0FD72D1ACBB22500A2E82F /* ViewController.m in Sources */ = {isa = PBXBuildFile; fileRef = FA0FD72C1ACBB22500A2E82F /* ViewController.m */; };
		FA0FD7301ACBB22500A2E82F /* Main.storyboard in Resources */ = {isa = PBXBuildFile; fileRef = FA0FD72E1ACBB22500A2E82F /* Main.storyboard */; };
		FA0FD7321ACBB22500A2E82F /* Images.xcassets in Resources */ = {isa = PBXBuildFile; fileRef = FA0FD7311ACBB22500A2E82F /* Images.xcassets */; };
		FA0FD7351ACBB22500A2E82F /* LaunchScreen.xib in Resources */ = {isa = PBXBuildFile; fileRef = FA0FD7331ACBB22500A2E82F /* LaunchScreen.xib */; };
		FA0FD7411ACBB22500A2E82F /* mensajesTests.m in Sources */ = {isa = PBXBuildFile; fileRef = FA0FD7401ACBB22500A2E82F /* mensajesTests.m */; };
		FAA1051D1AD1BA92009C8B20 /* ChatViewController.m in Sources */ = {isa = PBXBuildFile; fileRef = FAA1051C1AD1BA92009C8B20 /* ChatViewController.m */; };
		FAAB54BB1AEDA05A006B42EA /* DemoModelData.m in Sources */ = {isa = PBXBuildFile; fileRef = FAAB54BA1AEDA05A006B42EA /* DemoModelData.m */; };
		FAD023B31AD2018B0014A0A0 /* STBubbleTableViewCell.m in Sources */ = {isa = PBXBuildFile; fileRef = FAD023B21AD2018B0014A0A0 /* STBubbleTableViewCell.m */; };
		FAD999B11ACF450D00BE0B8D /* MenuViewController.m in Sources */ = {isa = PBXBuildFile; fileRef = FAD999B01ACF450D00BE0B8D /* MenuViewController.m */; };
		FAD999B41ACF6DF400BE0B8D /* QuestionsViewController.m in Sources */ = {isa = PBXBuildFile; fileRef = FAD999B31ACF6DF400BE0B8D /* QuestionsViewController.m */; };
		FAD999B71ACF6E6400BE0B8D /* SendMessageViewController.m in Sources */ = {isa = PBXBuildFile; fileRef = FAD999B61ACF6E6400BE0B8D /* SendMessageViewController.m */; };
		FAE273F01B06CECB0005BCF1 /* ChatListViewController.m in Sources */ = {isa = PBXBuildFile; fileRef = FAE273EF1B06CECB0005BCF1 /* ChatListViewController.m */; };
/* End PBXBuildFile section */

/* Begin PBXContainerItemProxy section */
		FA0FD73B1ACBB22500A2E82F /* PBXContainerItemProxy */ = {
			isa = PBXContainerItemProxy;
			containerPortal = FA0FD7191ACBB22500A2E82F /* Project object */;
			proxyType = 1;
			remoteGlobalIDString = FA0FD7201ACBB22500A2E82F;
			remoteInfo = mensajes;
		};
/* End PBXContainerItemProxy section */

/* Begin PBXFileReference section */
		3D6F72BF9EEBE5C49627554A /* Pods-mensajes.debug.xcconfig */ = {isa = PBXFileReference; includeInIndex = 1; lastKnownFileType = text.xcconfig; name = "Pods-mensajes.debug.xcconfig"; path = "Pods/Target Support Files/Pods-mensajes/Pods-mensajes.debug.xcconfig"; sourceTree = "<group>"; };
		512420F13B50F58EA4D8C5F9 /* libPods-mensajes.a */ = {isa = PBXFileReference; explicitFileType = archive.ar; includeInIndex = 0; path = "libPods-mensajes.a"; sourceTree = BUILT_PRODUCTS_DIR; };
		9186C25F55A3899CFFB0D52A /* Pods-mensajes.release.xcconfig */ = {isa = PBXFileReference; includeInIndex = 1; lastKnownFileType = text.xcconfig; name = "Pods-mensajes.release.xcconfig"; path = "Pods/Target Support Files/Pods-mensajes/Pods-mensajes.release.xcconfig"; sourceTree = "<group>"; };
		FA0FD7211ACBB22500A2E82F /* mensajes.app */ = {isa = PBXFileReference; explicitFileType = wrapper.application; includeInIndex = 0; path = mensajes.app; sourceTree = BUILT_PRODUCTS_DIR; };
		FA0FD7251ACBB22500A2E82F /* Info.plist */ = {isa = PBXFileReference; lastKnownFileType = text.plist.xml; path = Info.plist; sourceTree = "<group>"; };
		FA0FD7261ACBB22500A2E82F /* main.m */ = {isa = PBXFileReference; lastKnownFileType = sourcecode.c.objc; path = main.m; sourceTree = "<group>"; };
		FA0FD7281ACBB22500A2E82F /* AppDelegate.h */ = {isa = PBXFileReference; lastKnownFileType = sourcecode.c.h; path = AppDelegate.h; sourceTree = "<group>"; };
		FA0FD7291ACBB22500A2E82F /* AppDelegate.m */ = {isa = PBXFileReference; lastKnownFileType = sourcecode.c.objc; path = AppDelegate.m; sourceTree = "<group>"; };
		FA0FD72B1ACBB22500A2E82F /* ViewController.h */ = {isa = PBXFileReference; lastKnownFileType = sourcecode.c.h; path = ViewController.h; sourceTree = "<group>"; };
		FA0FD72C1ACBB22500A2E82F /* ViewController.m */ = {isa = PBXFileReference; lastKnownFileType = sourcecode.c.objc; path = ViewController.m; sourceTree = "<group>"; };
		FA0FD72F1ACBB22500A2E82F /* Base */ = {isa = PBXFileReference; lastKnownFileType = file.storyboard; name = Base; path = Base.lproj/Main.storyboard; sourceTree = "<group>"; };
		FA0FD7311ACBB22500A2E82F /* Images.xcassets */ = {isa = PBXFileReference; lastKnownFileType = folder.assetcatalog; path = Images.xcassets; sourceTree = "<group>"; };
		FA0FD7341ACBB22500A2E82F /* Base */ = {isa = PBXFileReference; lastKnownFileType = file.xib; name = Base; path = Base.lproj/LaunchScreen.xib; sourceTree = "<group>"; };
		FA0FD73A1ACBB22500A2E82F /* mensajesTests.xctest */ = {isa = PBXFileReference; explicitFileType = wrapper.cfbundle; includeInIndex = 0; path = mensajesTests.xctest; sourceTree = BUILT_PRODUCTS_DIR; };
		FA0FD73F1ACBB22500A2E82F /* Info.plist */ = {isa = PBXFileReference; lastKnownFileType = text.plist.xml; path = Info.plist; sourceTree = "<group>"; };
		FA0FD7401ACBB22500A2E82F /* mensajesTests.m */ = {isa = PBXFileReference; lastKnownFileType = sourcecode.c.objc; path = mensajesTests.m; sourceTree = "<group>"; };
		FAA1051B1AD1BA92009C8B20 /* ChatViewController.h */ = {isa = PBXFileReference; fileEncoding = 4; lastKnownFileType = sourcecode.c.h; path = ChatViewController.h; sourceTree = "<group>"; };
		FAA1051C1AD1BA92009C8B20 /* ChatViewController.m */ = {isa = PBXFileReference; fileEncoding = 4; lastKnownFileType = sourcecode.c.objc; path = ChatViewController.m; sourceTree = "<group>"; };
		FAAB54B91AEDA05A006B42EA /* DemoModelData.h */ = {isa = PBXFileReference; fileEncoding = 4; lastKnownFileType = sourcecode.c.h; path = DemoModelData.h; sourceTree = "<group>"; };
		FAAB54BA1AEDA05A006B42EA /* DemoModelData.m */ = {isa = PBXFileReference; fileEncoding = 4; lastKnownFileType = sourcecode.c.objc; path = DemoModelData.m; sourceTree = "<group>"; };
		FAD023B11AD2018B0014A0A0 /* STBubbleTableViewCell.h */ = {isa = PBXFileReference; fileEncoding = 4; lastKnownFileType = sourcecode.c.h; path = STBubbleTableViewCell.h; sourceTree = "<group>"; };
		FAD023B21AD2018B0014A0A0 /* STBubbleTableViewCell.m */ = {isa = PBXFileReference; fileEncoding = 4; lastKnownFileType = sourcecode.c.objc; path = STBubbleTableViewCell.m; sourceTree = "<group>"; };
		FAD999AF1ACF450D00BE0B8D /* MenuViewController.h */ = {isa = PBXFileReference; fileEncoding = 4; lastKnownFileType = sourcecode.c.h; path = MenuViewController.h; sourceTree = "<group>"; };
		FAD999B01ACF450D00BE0B8D /* MenuViewController.m */ = {isa = PBXFileReference; fileEncoding = 4; lastKnownFileType = sourcecode.c.objc; path = MenuViewController.m; sourceTree = "<group>"; };
		FAD999B21ACF6DF400BE0B8D /* QuestionsViewController.h */ = {isa = PBXFileReference; fileEncoding = 4; lastKnownFileType = sourcecode.c.h; path = QuestionsViewController.h; sourceTree = "<group>"; };
		FAD999B31ACF6DF400BE0B8D /* QuestionsViewController.m */ = {isa = PBXFileReference; fileEncoding = 4; lastKnownFileType = sourcecode.c.objc; path = QuestionsViewController.m; sourceTree = "<group>"; };
		FAD999B51ACF6E6400BE0B8D /* SendMessageViewController.h */ = {isa = PBXFileReference; fileEncoding = 4; lastKnownFileType = sourcecode.c.h; path = SendMessageViewController.h; sourceTree = "<group>"; };
		FAD999B61ACF6E6400BE0B8D /* SendMessageViewController.m */ = {isa = PBXFileReference; fileEncoding = 4; lastKnownFileType = sourcecode.c.objc; path = SendMessageViewController.m; sourceTree = "<group>"; };
		FAE273EE1B06CECB0005BCF1 /* ChatListViewController.h */ = {isa = PBXFileReference; fileEncoding = 4; lastKnownFileType = sourcecode.c.h; path = ChatListViewController.h; sourceTree = "<group>"; };
		FAE273EF1B06CECB0005BCF1 /* ChatListViewController.m */ = {isa = PBXFileReference; fileEncoding = 4; lastKnownFileType = sourcecode.c.objc; path = ChatListViewController.m; sourceTree = "<group>"; };
/* End PBXFileReference section */

/* Begin PBXFrameworksBuildPhase section */
		FA0FD71E1ACBB22500A2E82F /* Frameworks */ = {
			isa = PBXFrameworksBuildPhase;
			buildActionMask = 2147483647;
			files = (
				B82C70167EC389999A81B5A0 /* libPods-mensajes.a in Frameworks */,
			);
			runOnlyForDeploymentPostprocessing = 0;
		};
		FA0FD7371ACBB22500A2E82F /* Frameworks */ = {
			isa = PBXFrameworksBuildPhase;
			buildActionMask = 2147483647;
			files = (
			);
			runOnlyForDeploymentPostprocessing = 0;
		};
/* End PBXFrameworksBuildPhase section */

/* Begin PBXGroup section */
		2FCBFA3BDD952D7055A3C5F7 /* Pods */ = {
			isa = PBXGroup;
			children = (
				3D6F72BF9EEBE5C49627554A /* Pods-mensajes.debug.xcconfig */,
				9186C25F55A3899CFFB0D52A /* Pods-mensajes.release.xcconfig */,
			);
			name = Pods;
			sourceTree = "<group>";
		};
		D569DC8A96082AB69C8B4285 /* Frameworks */ = {
			isa = PBXGroup;
			children = (
				512420F13B50F58EA4D8C5F9 /* libPods-mensajes.a */,
			);
			name = Frameworks;
			sourceTree = "<group>";
		};
		FA0FD7181ACBB22500A2E82F = {
			isa = PBXGroup;
			children = (
				FA0FD7231ACBB22500A2E82F /* mensajes */,
				FA0FD73D1ACBB22500A2E82F /* mensajesTests */,
				FA0FD7221ACBB22500A2E82F /* Products */,
				2FCBFA3BDD952D7055A3C5F7 /* Pods */,
				D569DC8A96082AB69C8B4285 /* Frameworks */,
			);
			sourceTree = "<group>";
		};
		FA0FD7221ACBB22500A2E82F /* Products */ = {
			isa = PBXGroup;
			children = (
				FA0FD7211ACBB22500A2E82F /* mensajes.app */,
				FA0FD73A1ACBB22500A2E82F /* mensajesTests.xctest */,
			);
			name = Products;
			sourceTree = "<group>";
		};
		FA0FD7231ACBB22500A2E82F /* mensajes */ = {
			isa = PBXGroup;
			children = (
				FAD023B01AD2018B0014A0A0 /* STBubbleTableViewCell */,
				FA0FD7281ACBB22500A2E82F /* AppDelegate.h */,
				FAD999AF1ACF450D00BE0B8D /* MenuViewController.h */,
				FAD999B01ACF450D00BE0B8D /* MenuViewController.m */,
				FA0FD7291ACBB22500A2E82F /* AppDelegate.m */,
				FA0FD72B1ACBB22500A2E82F /* ViewController.h */,
				FAAB54B91AEDA05A006B42EA /* DemoModelData.h */,
				FAAB54BA1AEDA05A006B42EA /* DemoModelData.m */,
				FA0FD72C1ACBB22500A2E82F /* ViewController.m */,
				FA0FD72E1ACBB22500A2E82F /* Main.storyboard */,
				FAE273EE1B06CECB0005BCF1 /* ChatListViewController.h */,
				FAE273EF1B06CECB0005BCF1 /* ChatListViewController.m */,
				FA0FD7311ACBB22500A2E82F /* Images.xcassets */,
				FA0FD7331ACBB22500A2E82F /* LaunchScreen.xib */,
				FA0FD7241ACBB22500A2E82F /* Supporting Files */,
				FAD999B21ACF6DF400BE0B8D /* QuestionsViewController.h */,
				FAD999B31ACF6DF400BE0B8D /* QuestionsViewController.m */,
				FAD999B51ACF6E6400BE0B8D /* SendMessageViewController.h */,
				FAA1051B1AD1BA92009C8B20 /* ChatViewController.h */,
				FAA1051C1AD1BA92009C8B20 /* ChatViewController.m */,
				FAD999B61ACF6E6400BE0B8D /* SendMessageViewController.m */,
			);
			path = mensajes;
			sourceTree = "<group>";
		};
		FA0FD7241ACBB22500A2E82F /* Supporting Files */ = {
			isa = PBXGroup;
			children = (
				FA0FD7251ACBB22500A2E82F /* Info.plist */,
				FA0FD7261ACBB22500A2E82F /* main.m */,
			);
			name = "Supporting Files";
			sourceTree = "<group>";
		};
		FA0FD73D1ACBB22500A2E82F /* mensajesTests */ = {
			isa = PBXGroup;
			children = (
				FA0FD7401ACBB22500A2E82F /* mensajesTests.m */,
				FA0FD73E1ACBB22500A2E82F /* Supporting Files */,
			);
			path = mensajesTests;
			sourceTree = "<group>";
		};
		FA0FD73E1ACBB22500A2E82F /* Supporting Files */ = {
			isa = PBXGroup;
			children = (
				FA0FD73F1ACBB22500A2E82F /* Info.plist */,
			);
			name = "Supporting Files";
			sourceTree = "<group>";
		};
		FAD023B01AD2018B0014A0A0 /* STBubbleTableViewCell */ = {
			isa = PBXGroup;
			children = (
				FAD023B11AD2018B0014A0A0 /* STBubbleTableViewCell.h */,
				FAD023B21AD2018B0014A0A0 /* STBubbleTableViewCell.m */,
			);
			path = STBubbleTableViewCell;
			sourceTree = "<group>";
		};
/* End PBXGroup section */

/* Begin PBXNativeTarget section */
		FA0FD7201ACBB22500A2E82F /* mensajes */ = {
			isa = PBXNativeTarget;
			buildConfigurationList = FA0FD7441ACBB22500A2E82F /* Build configuration list for PBXNativeTarget "mensajes" */;
			buildPhases = (
				0604BB0E5F7C3D612B54E119 /* Check Pods Manifest.lock */,
				FA0FD71D1ACBB22500A2E82F /* Sources */,
				FA0FD71E1ACBB22500A2E82F /* Frameworks */,
				FA0FD71F1ACBB22500A2E82F /* Resources */,
				D06A76055DE54AFE32F13794 /* Copy Pods Resources */,
			);
			buildRules = (
			);
			dependencies = (
			);
			name = mensajes;
			productName = mensajes;
			productReference = FA0FD7211ACBB22500A2E82F /* mensajes.app */;
			productType = "com.apple.product-type.application";
		};
		FA0FD7391ACBB22500A2E82F /* mensajesTests */ = {
			isa = PBXNativeTarget;
			buildConfigurationList = FA0FD7471ACBB22500A2E82F /* Build configuration list for PBXNativeTarget "mensajesTests" */;
			buildPhases = (
				FA0FD7361ACBB22500A2E82F /* Sources */,
				FA0FD7371ACBB22500A2E82F /* Frameworks */,
				FA0FD7381ACBB22500A2E82F /* Resources */,
			);
			buildRules = (
			);
			dependencies = (
				FA0FD73C1ACBB22500A2E82F /* PBXTargetDependency */,
			);
			name = mensajesTests;
			productName = mensajesTests;
			productReference = FA0FD73A1ACBB22500A2E82F /* mensajesTests.xctest */;
			productType = "com.apple.product-type.bundle.unit-test";
		};
/* End PBXNativeTarget section */

/* Begin PBXProject section */
		FA0FD7191ACBB22500A2E82F /* Project object */ = {
			isa = PBXProject;
			attributes = {
				LastUpgradeCheck = 0610;
				ORGANIZATIONNAME = grupoonce;
				TargetAttributes = {
					FA0FD7201ACBB22500A2E82F = {
						CreatedOnToolsVersion = 6.1.1;
					};
					FA0FD7391ACBB22500A2E82F = {
						CreatedOnToolsVersion = 6.1.1;
						TestTargetID = FA0FD7201ACBB22500A2E82F;
					};
				};
			};
			buildConfigurationList = FA0FD71C1ACBB22500A2E82F /* Build configuration list for PBXProject "mensajes" */;
			compatibilityVersion = "Xcode 3.2";
			developmentRegion = English;
			hasScannedForEncodings = 0;
			knownRegions = (
				en,
				Base,
			);
			mainGroup = FA0FD7181ACBB22500A2E82F;
			productRefGroup = FA0FD7221ACBB22500A2E82F /* Products */;
			projectDirPath = "";
			projectRoot = "";
			targets = (
				FA0FD7201ACBB22500A2E82F /* mensajes */,
				FA0FD7391ACBB22500A2E82F /* mensajesTests */,
			);
		};
/* End PBXProject section */

/* Begin PBXResourcesBuildPhase section */
		FA0FD71F1ACBB22500A2E82F /* Resources */ = {
			isa = PBXResourcesBuildPhase;
			buildActionMask = 2147483647;
			files = (
				FA0FD7301ACBB22500A2E82F /* Main.storyboard in Resources */,
				FA0FD7351ACBB22500A2E82F /* LaunchScreen.xib in Resources */,
				FA0FD7321ACBB22500A2E82F /* Images.xcassets in Resources */,
			);
			runOnlyForDeploymentPostprocessing = 0;
		};
		FA0FD7381ACBB22500A2E82F /* Resources */ = {
			isa = PBXResourcesBuildPhase;
			buildActionMask = 2147483647;
			files = (
			);
			runOnlyForDeploymentPostprocessing = 0;
		};
/* End PBXResourcesBuildPhase section */

/* Begin PBXShellScriptBuildPhase section */
		0604BB0E5F7C3D612B54E119 /* Check Pods Manifest.lock */ = {
			isa = PBXShellScriptBuildPhase;
			buildActionMask = 2147483647;
			files = (
			);
			inputPaths = (
			);
			name = "Check Pods Manifest.lock";
			outputPaths = (
			);
			runOnlyForDeploymentPostprocessing = 0;
			shellPath = /bin/sh;
			shellScript = "diff \"${PODS_ROOT}/../Podfile.lock\" \"${PODS_ROOT}/Manifest.lock\" > /dev/null\nif [[ $? != 0 ]] ; then\n    cat << EOM\nerror: The sandbox is not in sync with the Podfile.lock. Run 'pod install' or update your CocoaPods installation.\nEOM\n    exit 1\nfi\n";
			showEnvVarsInLog = 0;
		};
		D06A76055DE54AFE32F13794 /* Copy Pods Resources */ = {
			isa = PBXShellScriptBuildPhase;
			buildActionMask = 2147483647;
			files = (
			);
			inputPaths = (
			);
			name = "Copy Pods Resources";
			outputPaths = (
			);
			runOnlyForDeploymentPostprocessing = 0;
			shellPath = /bin/sh;
			shellScript = "\"${SRCROOT}/Pods/Target Support Files/Pods-mensajes/Pods-mensajes-resources.sh\"\n";
			showEnvVarsInLog = 0;
		};
/* End PBXShellScriptBuildPhase section */

/* Begin PBXSourcesBuildPhase section */
		FA0FD71D1ACBB22500A2E82F /* Sources */ = {
			isa = PBXSourcesBuildPhase;
			buildActionMask = 2147483647;
			files = (
				FAD023B31AD2018B0014A0A0 /* STBubbleTableViewCell.m in Sources */,
				FAAB54BB1AEDA05A006B42EA /* DemoModelData.m in Sources */,
				FAD999B71ACF6E6400BE0B8D /* SendMessageViewController.m in Sources */,
				FA0FD72D1ACBB22500A2E82F /* ViewController.m in Sources */,
				FAE273F01B06CECB0005BCF1 /* ChatListViewController.m in Sources */,
				FAD999B41ACF6DF400BE0B8D /* QuestionsViewController.m in Sources */,
				FA0FD72A1ACBB22500A2E82F /* AppDelegate.m in Sources */,
				FA0FD7271ACBB22500A2E82F /* main.m in Sources */,
				FAA1051D1AD1BA92009C8B20 /* ChatViewController.m in Sources */,
				FAD999B11ACF450D00BE0B8D /* MenuViewController.m in Sources */,
			);
			runOnlyForDeploymentPostprocessing = 0;
		};
		FA0FD7361ACBB22500A2E82F /* Sources */ = {
			isa = PBXSourcesBuildPhase;
			buildActionMask = 2147483647;
			files = (
				FA0FD7411ACBB22500A2E82F /* mensajesTests.m in Sources */,
			);
			runOnlyForDeploymentPostprocessing = 0;
		};
/* End PBXSourcesBuildPhase section */

/* Begin PBXTargetDependency section */
		FA0FD73C1ACBB22500A2E82F /* PBXTargetDependency */ = {
			isa = PBXTargetDependency;
			target = FA0FD7201ACBB22500A2E82F /* mensajes */;
			targetProxy = FA0FD73B1ACBB22500A2E82F /* PBXContainerItemProxy */;
		};
/* End PBXTargetDependency section */

/* Begin PBXVariantGroup section */
		FA0FD72E1ACBB22500A2E82F /* Main.storyboard */ = {
			isa = PBXVariantGroup;
			children = (
				FA0FD72F1ACBB22500A2E82F /* Base */,
			);
			name = Main.storyboard;
			sourceTree = "<group>";
		};
		FA0FD7331ACBB22500A2E82F /* LaunchScreen.xib */ = {
			isa = PBXVariantGroup;
			children = (
				FA0FD7341ACBB22500A2E82F /* Base */,
			);
			name = LaunchScreen.xib;
			sourceTree = "<group>";
		};
/* End PBXVariantGroup section */

/* Begin XCBuildConfiguration section */
		FA0FD7421ACBB22500A2E82F /* Debug */ = {
			isa = XCBuildConfiguration;
			buildSettings = {
				ALWAYS_SEARCH_USER_PATHS = NO;
				CLANG_CXX_LANGUAGE_STANDARD = "gnu++0x";
				CLANG_CXX_LIBRARY = "libc++";
				CLANG_ENABLE_MODULES = YES;
				CLANG_ENABLE_OBJC_ARC = YES;
				CLANG_WARN_BOOL_CONVERSION = YES;
				CLANG_WARN_CONSTANT_CONVERSION = YES;
				CLANG_WARN_DIRECT_OBJC_ISA_USAGE = YES_ERROR;
				CLANG_WARN_EMPTY_BODY = YES;
				CLANG_WARN_ENUM_CONVERSION = YES;
				CLANG_WARN_INT_CONVERSION = YES;
				CLANG_WARN_OBJC_ROOT_CLASS = YES_ERROR;
				CLANG_WARN_UNREACHABLE_CODE = YES;
				CLANG_WARN__DUPLICATE_METHOD_MATCH = YES;
				"CODE_SIGN_IDENTITY[sdk=iphoneos*]" = "iPhone Developer";
				COPY_PHASE_STRIP = NO;
				ENABLE_STRICT_OBJC_MSGSEND = YES;
				GCC_C_LANGUAGE_STANDARD = gnu99;
				GCC_DYNAMIC_NO_PIC = NO;
				GCC_OPTIMIZATION_LEVEL = 0;
				GCC_PREPROCESSOR_DEFINITIONS = (
					"DEBUG=1",
					"$(inherited)",
				);
				GCC_SYMBOLS_PRIVATE_EXTERN = NO;
				GCC_WARN_64_TO_32_BIT_CONVERSION = YES;
				GCC_WARN_ABOUT_RETURN_TYPE = YES_ERROR;
				GCC_WARN_UNDECLARED_SELECTOR = YES;
				GCC_WARN_UNINITIALIZED_AUTOS = YES_AGGRESSIVE;
				GCC_WARN_UNUSED_FUNCTION = YES;
				GCC_WARN_UNUSED_VARIABLE = YES;
				IPHONEOS_DEPLOYMENT_TARGET = 8.1;
				MTL_ENABLE_DEBUG_INFO = YES;
				ONLY_ACTIVE_ARCH = YES;
				SDKROOT = iphoneos;
			};
			name = Debug;
		};
		FA0FD7431ACBB22500A2E82F /* Release */ = {
			isa = XCBuildConfiguration;
			buildSettings = {
				ALWAYS_SEARCH_USER_PATHS = NO;
				CLANG_CXX_LANGUAGE_STANDARD = "gnu++0x";
				CLANG_CXX_LIBRARY = "libc++";
				CLANG_ENABLE_MODULES = YES;
				CLANG_ENABLE_OBJC_ARC = YES;
				CLANG_WARN_BOOL_CONVERSION = YES;
				CLANG_WARN_CONSTANT_CONVERSION = YES;
				CLANG_WARN_DIRECT_OBJC_ISA_USAGE = YES_ERROR;
				CLANG_WARN_EMPTY_BODY = YES;
				CLANG_WARN_ENUM_CONVERSION = YES;
				CLANG_WARN_INT_CONVERSION = YES;
				CLANG_WARN_OBJC_ROOT_CLASS = YES_ERROR;
				CLANG_WARN_UNREACHABLE_CODE = YES;
				CLANG_WARN__DUPLICATE_METHOD_MATCH = YES;
				"CODE_SIGN_IDENTITY[sdk=iphoneos*]" = "iPhone Developer";
				COPY_PHASE_STRIP = YES;
				ENABLE_NS_ASSERTIONS = NO;
				ENABLE_STRICT_OBJC_MSGSEND = YES;
				GCC_C_LANGUAGE_STANDARD = gnu99;
				GCC_WARN_64_TO_32_BIT_CONVERSION = YES;
				GCC_WARN_ABOUT_RETURN_TYPE = YES_ERROR;
				GCC_WARN_UNDECLARED_SELECTOR = YES;
				GCC_WARN_UNINITIALIZED_AUTOS = YES_AGGRESSIVE;
				GCC_WARN_UNUSED_FUNCTION = YES;
				GCC_WARN_UNUSED_VARIABLE = YES;
				IPHONEOS_DEPLOYMENT_TARGET = 8.1;
				MTL_ENABLE_DEBUG_INFO = NO;
				SDKROOT = iphoneos;
				VALIDATE_PRODUCT = YES;
			};
			name = Release;
		};
		FA0FD7451ACBB22500A2E82F /* Debug */ = {
			isa = XCBuildConfiguration;
			baseConfigurationReference = 3D6F72BF9EEBE5C49627554A /* Pods-mensajes.debug.xcconfig */;
			buildSettings = {
				ASSETCATALOG_COMPILER_APPICON_NAME = AppIcon;
				INFOPLIST_FILE = mensajes/Info.plist;
				LD_RUNPATH_SEARCH_PATHS = "$(inherited) @executable_path/Frameworks";
				PRODUCT_NAME = "$(TARGET_NAME)";
			};
			name = Debug;
		};
		FA0FD7461ACBB22500A2E82F /* Release */ = {
			isa = XCBuildConfiguration;
			baseConfigurationReference = 9186C25F55A3899CFFB0D52A /* Pods-mensajes.release.xcconfig */;
			buildSettings = {
				ASSETCATALOG_COMPILER_APPICON_NAME = AppIcon;
				INFOPLIST_FILE = mensajes/Info.plist;
				LD_RUNPATH_SEARCH_PATHS = "$(inherited) @executable_path/Frameworks";
				PRODUCT_NAME = "$(TARGET_NAME)";
			};
			name = Release;
		};
		FA0FD7481ACBB22500A2E82F /* Debug */ = {
			isa = XCBuildConfiguration;
			buildSettings = {
				BUNDLE_LOADER = "$(TEST_HOST)";
				FRAMEWORK_SEARCH_PATHS = (
					"$(SDKROOT)/Developer/Library/Frameworks",
					"$(inherited)",
				);
				GCC_PREPROCESSOR_DEFINITIONS = (
					"DEBUG=1",
					"$(inherited)",
				);
				INFOPLIST_FILE = mensajesTests/Info.plist;
				LD_RUNPATH_SEARCH_PATHS = "$(inherited) @executable_path/Frameworks @loader_path/Frameworks";
				PRODUCT_NAME = "$(TARGET_NAME)";
				TEST_HOST = "$(BUILT_PRODUCTS_DIR)/mensajes.app/mensajes";
			};
			name = Debug;
		};
		FA0FD7491ACBB22500A2E82F /* Release */ = {
			isa = XCBuildConfiguration;
			buildSettings = {
				BUNDLE_LOADER = "$(TEST_HOST)";
				FRAMEWORK_SEARCH_PATHS = (
					"$(SDKROOT)/Developer/Library/Frameworks",
					"$(inherited)",
				);
				INFOPLIST_FILE = mensajesTests/Info.plist;
				LD_RUNPATH_SEARCH_PATHS = "$(inherited) @executable_path/Frameworks @loader_path/Frameworks";
				PRODUCT_NAME = "$(TARGET_NAME)";
				TEST_HOST = "$(BUILT_PRODUCTS_DIR)/mensajes.app/mensajes";
			};
			name = Release;
		};
/* End XCBuildConfiguration section */

/* Begin XCConfigurationList section */
		FA0FD71C1ACBB22500A2E82F /* Build configuration list for PBXProject "mensajes" */ = {
			isa = XCConfigurationList;
			buildConfigurations = (
				FA0FD7421ACBB22500A2E82F /* Debug */,
				FA0FD7431ACBB22500A2E82F /* Release */,
			);
			defaultConfigurationIsVisible = 0;
			defaultConfigurationName = Release;
		};
		FA0FD7441ACBB22500A2E82F /* Build configuration list for PBXNativeTarget "mensajes" */ = {
			isa = XCConfigurationList;
			buildConfigurations = (
				FA0FD7451ACBB22500A2E82F /* Debug */,
				FA0FD7461ACBB22500A2E82F /* Release */,
			);
			defaultConfigurationIsVisible = 0;
			defaultConfigurationName = Release;
		};
		FA0FD7471ACBB22500A2E82F /* Build configuration list for PBXNativeTarget "mensajesTests" */ = {
			isa = XCConfigurationList;
			buildConfigurations = (
				FA0FD7481ACBB22500A2E82F /* Debug */,
				FA0FD7491ACBB22500A2E82F /* Release */,
			);
			defaultConfigurationIsVisible = 0;
			defaultConfigurationName = Release;
		};
/* End XCConfigurationList section */
	};
	rootObject = FA0FD7191ACBB22500A2E82F /* Project object */;
}
